
Microsoft Visual Studio Solution File, Format Version 12.00
# Visual Studio 15
VisualStudioVersion = 15.0.28307.539
MinimumVisualStudioVersion = 10.0.40219.1
Project("{FAE04EC0-301F-11D3-BF4B-00C04F79EFBC}") = "Xadrez", "Xadrez\Xadrez.csproj", "{9F3E8780-E67F-44BD-894F-CCDAEB0BB400}"
EndProject
Global
	GlobalSection(SolutionConfigurationPlatforms) = preSolution
		Debug|Any CPU = Debug|Any CPU
		Release|Any CPU = Release|Any CPU
	EndGlobalSection
	GlobalSection(ProjectConfigurationPlatforms) = postSolution
		{9F3E8780-E67F-44BD-894F-CCDAEB0BB400}.Debug|Any CPU.ActiveCfg = Debug|Any CPU
		{9F3E8780-E67F-44BD-894F-CCDAEB0BB400}.Debug|Any CPU.Build.0 = Debug|Any CPU
		{9F3E8780-E67F-44BD-894F-CCDAEB0BB400}.Release|Any CPU.ActiveCfg = Release|Any CPU
		{9F3E8780-E67F-44BD-894F-CCDAEB0BB400}.Release|Any CPU.Build.0 = Release|Any CPU
	EndGlobalSection
	GlobalSection(SolutionProperties) = preSolution
		HideSolutionNode = FALSE
	EndGlobalSection
	GlobalSection(ExtensibilityGlobals) = postSolution
		SolutionGuid = {36658A6E-45C0-4E5B-BF90-AE53E5EF9BE9}
	EndGlobalSection
EndGlobal
